
Microsoft Visual Studio Solution File, Format Version 12.00
# Visual Studio Version 16
Project("{8BC9CEB8-8B4A-11D0-8D11-00A0C91BC942}") = "ALL_BUILD", "ALL_BUILD.vcxproj", "{C9FBFAB6-4081-3D4D-84B5-C230EAED020D}"
	ProjectSection(ProjectDependencies) = postProject
		{9B72046F-76B2-3C97-9FDA-5C8A8359BDF3} = {9B72046F-76B2-3C97-9FDA-5C8A8359BDF3}
		{26CD1B9B-A14F-327E-9B0C-247793814250} = {26CD1B9B-A14F-327E-9B0C-247793814250}
		{B5794FCD-6773-30E9-AD20-AE4F7F724550} = {B5794FCD-6773-30E9-AD20-AE4F7F724550}
		{BBDCC3EC-3CEA-311B-B634-C8AEF6283275} = {BBDCC3EC-3CEA-311B-B634-C8AEF6283275}
		{8A39975F-63F9-3F8A-9B61-AB031126EE46} = {8A39975F-63F9-3F8A-9B61-AB031126EE46}
		{B9E3D8D0-D7AE-37C5-BF13-85F0D4464CC6} = {B9E3D8D0-D7AE-37C5-BF13-85F0D4464CC6}
		{092D9A14-F812-38EA-8D21-DE24260D1BF8} = {092D9A14-F812-38EA-8D21-DE24260D1BF8}
		{87E14C6F-7BCE-3E7D-AFE6-8BCD9A7A829E} = {87E14C6F-7BCE-3E7D-AFE6-8BCD9A7A829E}
		{3B666C52-55CA-348F-9E2F-B08CB7F75BE6} = {3B666C52-55CA-348F-9E2F-B08CB7F75BE6}
		{86A16D91-51D1-3DFF-A275-AEB4A6FBD145} = {86A16D91-51D1-3DFF-A275-AEB4A6FBD145}
		{E08B0998-1ADE-34AA-9229-7CEA083BD4E3} = {E08B0998-1ADE-34AA-9229-7CEA083BD4E3}
		{1E2BC47E-0FEA-3ADF-8D74-6FD7598BA44D} = {1E2BC47E-0FEA-3ADF-8D74-6FD7598BA44D}
		{F32356B6-DB38-3C64-8874-F94B1FF7A86B} = {F32356B6-DB38-3C64-8874-F94B1FF7A86B}
		{F5000E25-0A23-3C37-B82B-A65F058751D7} = {F5000E25-0A23-3C37-B82B-A65F058751D7}
		{4A94194A-F310-380E-994F-3F35258A2F37} = {4A94194A-F310-380E-994F-3F35258A2F37}
		{93ABADFA-9D9C-3539-AA5E-021F00FBA3DD} = {93ABADFA-9D9C-3539-AA5E-021F00FBA3DD}
		{F2CE7EE6-099C-303B-9699-C7F32B18EBC4} = {F2CE7EE6-099C-303B-9699-C7F32B18EBC4}
		{01DCFF94-B2ED-31A2-BD3F-D15C8E784DBC} = {01DCFF94-B2ED-31A2-BD3F-D15C8E784DBC}
		{4E255824-6209-3A83-B6D6-0461D5E74D5F} = {4E255824-6209-3A83-B6D6-0461D5E74D5F}
		{5CCFEBD0-C0D9-31BE-A188-A5B5FA917FC1} = {5CCFEBD0-C0D9-31BE-A188-A5B5FA917FC1}
		{8CD71CA4-0D1A-351F-97E5-E4F353DBCA9C} = {8CD71CA4-0D1A-351F-97E5-E4F353DBCA9C}
		{172B78D1-224F-334C-B392-A9F622E9A90C} = {172B78D1-224F-334C-B392-A9F622E9A90C}
		{6970C2DC-3ED9-338C-9033-71ED1BAE3E3F} = {6970C2DC-3ED9-338C-9033-71ED1BAE3E3F}
	EndProjectSection
EndProject
Project("{8BC9CEB8-8B4A-11D0-8D11-00A0C91BC942}") = "EYOUBOTLIB", "EYOUBOTLIB.vcxproj", "{9B72046F-76B2-3C97-9FDA-5C8A8359BDF3}"
	ProjectSection(ProjectDependencies) = postProject
		{26CD1B9B-A14F-327E-9B0C-247793814250} = {26CD1B9B-A14F-327E-9B0C-247793814250}
	EndProjectSection
EndProject
Project("{8BC9CEB8-8B4A-11D0-8D11-00A0C91BC942}") = "ZERO_CHECK", "ZERO_CHECK.vcxproj", "{26CD1B9B-A14F-327E-9B0C-247793814250}"
	ProjectSection(ProjectDependencies) = postProject
	EndProjectSection
EndProject
Project("{8BC9CEB8-8B4A-11D0-8D11-00A0C91BC942}") = "canable", "canable.vcxproj", "{B5794FCD-6773-30E9-AD20-AE4F7F724550}"
	ProjectSection(ProjectDependencies) = postProject
		{9B72046F-76B2-3C97-9FDA-5C8A8359BDF3} = {9B72046F-76B2-3C97-9FDA-5C8A8359BDF3}
		{26CD1B9B-A14F-327E-9B0C-247793814250} = {26CD1B9B-A14F-327E-9B0C-247793814250}
		{BBDCC3EC-3CEA-311B-B634-C8AEF6283275} = {BBDCC3EC-3CEA-311B-B634-C8AEF6283275}
	EndProjectSection
EndProject
Project("{8BC9CEB8-8B4A-11D0-8D11-00A0C91BC942}") = "candle", "candle.vcxproj", "{BBDCC3EC-3CEA-311B-B634-C8AEF6283275}"
	ProjectSection(ProjectDependencies) = postProject
		{26CD1B9B-A14F-327E-9B0C-247793814250} = {26CD1B9B-A14F-327E-9B0C-247793814250}
	EndProjectSection
EndProject
Project("{8BC9CEB8-8B4A-11D0-8D11-00A0C91BC942}") = "eyoubot_motor_baudrate", "eyoubot_motor_baudrate.vcxproj", "{8A39975F-63F9-3F8A-9B61-AB031126EE46}"
	ProjectSection(ProjectDependencies) = postProject
		{26CD1B9B-A14F-327E-9B0C-247793814250} = {26CD1B9B-A14F-327E-9B0C-247793814250}
		{BBDCC3EC-3CEA-311B-B634-C8AEF6283275} = {BBDCC3EC-3CEA-311B-B634-C8AEF6283275}
	EndProjectSection
EndProject
Project("{8BC9CEB8-8B4A-11D0-8D11-00A0C91BC942}") = "eyoubot_motor_cease", "eyoubot_motor_cease.vcxproj", "{B9E3D8D0-D7AE-37C5-BF13-85F0D4464CC6}"
	ProjectSection(ProjectDependencies) = postProject
		{26CD1B9B-A14F-327E-9B0C-247793814250} = {26CD1B9B-A14F-327E-9B0C-247793814250}
		{BBDCC3EC-3CEA-311B-B634-C8AEF6283275} = {BBDCC3EC-3CEA-311B-B634-C8AEF6283275}
	EndProjectSection
EndProject
Project("{8BC9CEB8-8B4A-11D0-8D11-00A0C91BC942}") = "eyoubot_motor_current_control", "eyoubot_motor_current_control.vcxproj", "{092D9A14-F812-38EA-8D21-DE24260D1BF8}"
	ProjectSection(ProjectDependencies) = postProject
		{26CD1B9B-A14F-327E-9B0C-247793814250} = {26CD1B9B-A14F-327E-9B0C-247793814250}
		{BBDCC3EC-3CEA-311B-B634-C8AEF6283275} = {BBDCC3EC-3CEA-311B-B634-C8AEF6283275}
	EndProjectSection
EndProject
Project("{8BC9CEB8-8B4A-11D0-8D11-00A0C91BC942}") = "eyoubot_motor_function", "eyoubot_motor_function.vcxproj", "{87E14C6F-7BCE-3E7D-AFE6-8BCD9A7A829E}"
	ProjectSection(ProjectDependencies) = postProject
		{26CD1B9B-A14F-327E-9B0C-247793814250} = {26CD1B9B-A14F-327E-9B0C-247793814250}
		{BBDCC3EC-3CEA-311B-B634-C8AEF6283275} = {BBDCC3EC-3CEA-311B-B634-C8AEF6283275}
	EndProjectSection
EndProject
Project("{8BC9CEB8-8B4A-11D0-8D11-00A0C91BC942}") = "eyoubot_motor_get_current", "eyoubot_motor_get_current.vcxproj", "{3B666C52-55CA-348F-9E2F-B08CB7F75BE6}"
	ProjectSection(ProjectDependencies) = postProject
		{26CD1B9B-A14F-327E-9B0C-247793814250} = {26CD1B9B-A14F-327E-9B0C-247793814250}
		{BBDCC3EC-3CEA-311B-B634-C8AEF6283275} = {BBDCC3EC-3CEA-311B-B634-C8AEF6283275}
	EndProjectSection
EndProject
Project("{8BC9CEB8-8B4A-11D0-8D11-00A0C91BC942}") = "eyoubot_motor_get_position", "eyoubot_motor_get_position.vcxproj", "{86A16D91-51D1-3DFF-A275-AEB4A6FBD145}"
	ProjectSection(ProjectDependencies) = postProject
		{26CD1B9B-A14F-327E-9B0C-247793814250} = {26CD1B9B-A14F-327E-9B0C-247793814250}
		{BBDCC3EC-3CEA-311B-B634-C8AEF6283275} = {BBDCC3EC-3CEA-311B-B634-C8AEF6283275}
	EndProjectSection
EndProject
Project("{8BC9CEB8-8B4A-11D0-8D11-00A0C91BC942}") = "eyoubot_motor_get_speed", "eyoubot_motor_get_speed.vcxproj", "{E08B0998-1ADE-34AA-9229-7CEA083BD4E3}"
	ProjectSection(ProjectDependencies) = postProject
		{26CD1B9B-A14F-327E-9B0C-247793814250} = {26CD1B9B-A14F-327E-9B0C-247793814250}
		{BBDCC3EC-3CEA-311B-B634-C8AEF6283275} = {BBDCC3EC-3CEA-311B-B634-C8AEF6283275}
	EndProjectSection
EndProject
Project("{8BC9CEB8-8B4A-11D0-8D11-00A0C91BC942}") = "eyoubot_motor_get_temperature", "eyoubot_motor_get_temperature.vcxproj", "{1E2BC47E-0FEA-3ADF-8D74-6FD7598BA44D}"
	ProjectSection(ProjectDependencies) = postProject
		{26CD1B9B-A14F-327E-9B0C-247793814250} = {26CD1B9B-A14F-327E-9B0C-247793814250}
		{BBDCC3EC-3CEA-311B-B634-C8AEF6283275} = {BBDCC3EC-3CEA-311B-B634-C8AEF6283275}
	EndProjectSection
EndProject
Project("{8BC9CEB8-8B4A-11D0-8D11-00A0C91BC942}") = "eyoubot_motor_get_voltage", "eyoubot_motor_get_voltage.vcxproj", "{F32356B6-DB38-3C64-8874-F94B1FF7A86B}"
	ProjectSection(ProjectDependencies) = postProject
		{26CD1B9B-A14F-327E-9B0C-247793814250} = {26CD1B9B-A14F-327E-9B0C-247793814250}
		{BBDCC3EC-3CEA-311B-B634-C8AEF6283275} = {BBDCC3EC-3CEA-311B-B634-C8AEF6283275}
	EndProjectSection
EndProject
Project("{8BC9CEB8-8B4A-11D0-8D11-00A0C91BC942}") = "eyoubot_motor_id", "eyoubot_motor_id.vcxproj", "{F5000E25-0A23-3C37-B82B-A65F058751D7}"
	ProjectSection(ProjectDependencies) = postProject
		{26CD1B9B-A14F-327E-9B0C-247793814250} = {26CD1B9B-A14F-327E-9B0C-247793814250}
		{BBDCC3EC-3CEA-311B-B634-C8AEF6283275} = {BBDCC3EC-3CEA-311B-B634-C8AEF6283275}
	EndProjectSection
EndProject
Project("{8BC9CEB8-8B4A-11D0-8D11-00A0C91BC942}") = "eyoubot_motor_limit_current", "eyoubot_motor_limit_current.vcxproj", "{4A94194A-F310-380E-994F-3F35258A2F37}"
	ProjectSection(ProjectDependencies) = postProject
		{26CD1B9B-A14F-327E-9B0C-247793814250} = {26CD1B9B-A14F-327E-9B0C-247793814250}
		{BBDCC3EC-3CEA-311B-B634-C8AEF6283275} = {BBDCC3EC-3CEA-311B-B634-C8AEF6283275}
	EndProjectSection
EndProject
Project("{8BC9CEB8-8B4A-11D0-8D11-00A0C91BC942}") = "eyoubot_motor_limit_lower_position", "eyoubot_motor_limit_lower_position.vcxproj", "{93ABADFA-9D9C-3539-AA5E-021F00FBA3DD}"
	ProjectSection(ProjectDependencies) = postProject
		{26CD1B9B-A14F-327E-9B0C-247793814250} = {26CD1B9B-A14F-327E-9B0C-247793814250}
		{BBDCC3EC-3CEA-311B-B634-C8AEF6283275} = {BBDCC3EC-3CEA-311B-B634-C8AEF6283275}
	EndProjectSection
EndProject
Project("{8BC9CEB8-8B4A-11D0-8D11-00A0C91BC942}") = "eyoubot_motor_limit_speed", "eyoubot_motor_limit_speed.vcxproj", "{F2CE7EE6-099C-303B-9699-C7F32B18EBC4}"
	ProjectSection(ProjectDependencies) = postProject
		{26CD1B9B-A14F-327E-9B0C-247793814250} = {26CD1B9B-A14F-327E-9B0C-247793814250}
		{BBDCC3EC-3CEA-311B-B634-C8AEF6283275} = {BBDCC3EC-3CEA-311B-B634-C8AEF6283275}
	EndProjectSection
EndProject
Project("{8BC9CEB8-8B4A-11D0-8D11-00A0C91BC942}") = "eyoubot_motor_limit_upper_position", "eyoubot_motor_limit_upper_position.vcxproj", "{01DCFF94-B2ED-31A2-BD3F-D15C8E784DBC}"
	ProjectSection(ProjectDependencies) = postProject
		{26CD1B9B-A14F-327E-9B0C-247793814250} = {26CD1B9B-A14F-327E-9B0C-247793814250}
		{BBDCC3EC-3CEA-311B-B634-C8AEF6283275} = {BBDCC3EC-3CEA-311B-B634-C8AEF6283275}
	EndProjectSection
EndProject
Project("{8BC9CEB8-8B4A-11D0-8D11-00A0C91BC942}") = "eyoubot_motor_position_control", "eyoubot_motor_position_control.vcxproj", "{4E255824-6209-3A83-B6D6-0461D5E74D5F}"
	ProjectSection(ProjectDependencies) = postProject
		{26CD1B9B-A14F-327E-9B0C-247793814250} = {26CD1B9B-A14F-327E-9B0C-247793814250}
		{BBDCC3EC-3CEA-311B-B634-C8AEF6283275} = {BBDCC3EC-3CEA-311B-B634-C8AEF6283275}
	EndProjectSection
EndProject
Project("{8BC9CEB8-8B4A-11D0-8D11-00A0C91BC942}") = "eyoubot_motor_speed_control", "eyoubot_motor_speed_control.vcxproj", "{5CCFEBD0-C0D9-31BE-A188-A5B5FA917FC1}"
	ProjectSection(ProjectDependencies) = postProject
		{26CD1B9B-A14F-327E-9B0C-247793814250} = {26CD1B9B-A14F-327E-9B0C-247793814250}
		{BBDCC3EC-3CEA-311B-B634-C8AEF6283275} = {BBDCC3EC-3CEA-311B-B634-C8AEF6283275}
	EndProjectSection
EndProject
Project("{8BC9CEB8-8B4A-11D0-8D11-00A0C91BC942}") = "sito_motor", "sito_motor.vcxproj", "{8CD71CA4-0D1A-351F-97E5-E4F353DBCA9C}"
	ProjectSection(ProjectDependencies) = postProject
		{26CD1B9B-A14F-327E-9B0C-247793814250} = {26CD1B9B-A14F-327E-9B0C-247793814250}
		{BBDCC3EC-3CEA-311B-B634-C8AEF6283275} = {BBDCC3EC-3CEA-311B-B634-C8AEF6283275}
	EndProjectSection
EndProject
Project("{8BC9CEB8-8B4A-11D0-8D11-00A0C91BC942}") = "sito_motor_return_to_origin", "sito_motor_return_to_origin.vcxproj", "{172B78D1-224F-334C-B392-A9F622E9A90C}"
	ProjectSection(ProjectDependencies) = postProject
		{26CD1B9B-A14F-327E-9B0C-247793814250} = {26CD1B9B-A14F-327E-9B0C-247793814250}
		{BBDCC3EC-3CEA-311B-B634-C8AEF6283275} = {BBDCC3EC-3CEA-311B-B634-C8AEF6283275}
	EndProjectSection
EndProject
Project("{8BC9CEB8-8B4A-11D0-8D11-00A0C91BC942}") = "sito_motor_set_origin", "sito_motor_set_origin.vcxproj", "{6970C2DC-3ED9-338C-9033-71ED1BAE3E3F}"
	ProjectSection(ProjectDependencies) = postProject
		{26CD1B9B-A14F-327E-9B0C-247793814250} = {26CD1B9B-A14F-327E-9B0C-247793814250}
		{BBDCC3EC-3CEA-311B-B634-C8AEF6283275} = {BBDCC3EC-3CEA-311B-B634-C8AEF6283275}
	EndProjectSection
EndProject
Global
	GlobalSection(SolutionConfigurationPlatforms) = preSolution
		Debug|x64 = Debug|x64
		Release|x64 = Release|x64
		MinSizeRel|x64 = MinSizeRel|x64
		RelWithDebInfo|x64 = RelWithDebInfo|x64
	EndGlobalSection
	GlobalSection(ProjectConfigurationPlatforms) = postSolution
		{C9FBFAB6-4081-3D4D-84B5-C230EAED020D}.Debug|x64.ActiveCfg = Debug|x64
		{C9FBFAB6-4081-3D4D-84B5-C230EAED020D}.Release|x64.ActiveCfg = Release|x64
		{C9FBFAB6-4081-3D4D-84B5-C230EAED020D}.MinSizeRel|x64.ActiveCfg = MinSizeRel|x64
		{C9FBFAB6-4081-3D4D-84B5-C230EAED020D}.RelWithDebInfo|x64.ActiveCfg = RelWithDebInfo|x64
		{9B72046F-76B2-3C97-9FDA-5C8A8359BDF3}.Debug|x64.ActiveCfg = Debug|x64
		{9B72046F-76B2-3C97-9FDA-5C8A8359BDF3}.Debug|x64.Build.0 = Debug|x64
		{9B72046F-76B2-3C97-9FDA-5C8A8359BDF3}.Release|x64.ActiveCfg = Release|x64
		{9B72046F-76B2-3C97-9FDA-5C8A8359BDF3}.Release|x64.Build.0 = Release|x64
		{9B72046F-76B2-3C97-9FDA-5C8A8359BDF3}.MinSizeRel|x64.ActiveCfg = MinSizeRel|x64
		{9B72046F-76B2-3C97-9FDA-5C8A8359BDF3}.MinSizeRel|x64.Build.0 = MinSizeRel|x64
		{9B72046F-76B2-3C97-9FDA-5C8A8359BDF3}.RelWithDebInfo|x64.ActiveCfg = RelWithDebInfo|x64
		{9B72046F-76B2-3C97-9FDA-5C8A8359BDF3}.RelWithDebInfo|x64.Build.0 = RelWithDebInfo|x64
		{26CD1B9B-A14F-327E-9B0C-247793814250}.Debug|x64.ActiveCfg = Debug|x64
		{26CD1B9B-A14F-327E-9B0C-247793814250}.Debug|x64.Build.0 = Debug|x64
		{26CD1B9B-A14F-327E-9B0C-247793814250}.Release|x64.ActiveCfg = Release|x64
		{26CD1B9B-A14F-327E-9B0C-247793814250}.Release|x64.Build.0 = Release|x64
		{26CD1B9B-A14F-327E-9B0C-247793814250}.MinSizeRel|x64.ActiveCfg = MinSizeRel|x64
		{26CD1B9B-A14F-327E-9B0C-247793814250}.MinSizeRel|x64.Build.0 = MinSizeRel|x64
		{26CD1B9B-A14F-327E-9B0C-247793814250}.RelWithDebInfo|x64.ActiveCfg = RelWithDebInfo|x64
		{26CD1B9B-A14F-327E-9B0C-247793814250}.RelWithDebInfo|x64.Build.0 = RelWithDebInfo|x64
		{B5794FCD-6773-30E9-AD20-AE4F7F724550}.Debug|x64.ActiveCfg = Debug|x64
		{B5794FCD-6773-30E9-AD20-AE4F7F724550}.Debug|x64.Build.0 = Debug|x64
		{B5794FCD-6773-30E9-AD20-AE4F7F724550}.Release|x64.ActiveCfg = Release|x64
		{B5794FCD-6773-30E9-AD20-AE4F7F724550}.Release|x64.Build.0 = Release|x64
		{B5794FCD-6773-30E9-AD20-AE4F7F724550}.MinSizeRel|x64.ActiveCfg = MinSizeRel|x64
		{B5794FCD-6773-30E9-AD20-AE4F7F724550}.MinSizeRel|x64.Build.0 = MinSizeRel|x64
		{B5794FCD-6773-30E9-AD20-AE4F7F724550}.RelWithDebInfo|x64.ActiveCfg = RelWithDebInfo|x64
		{B5794FCD-6773-30E9-AD20-AE4F7F724550}.RelWithDebInfo|x64.Build.0 = RelWithDebInfo|x64
		{BBDCC3EC-3CEA-311B-B634-C8AEF6283275}.Debug|x64.ActiveCfg = Debug|x64
		{BBDCC3EC-3CEA-311B-B634-C8AEF6283275}.Debug|x64.Build.0 = Debug|x64
		{BBDCC3EC-3CEA-311B-B634-C8AEF6283275}.Release|x64.ActiveCfg = Release|x64
		{BBDCC3EC-3CEA-311B-B634-C8AEF6283275}.Release|x64.Build.0 = Release|x64
		{BBDCC3EC-3CEA-311B-B634-C8AEF6283275}.MinSizeRel|x64.ActiveCfg = MinSizeRel|x64
		{BBDCC3EC-3CEA-311B-B634-C8AEF6283275}.MinSizeRel|x64.Build.0 = MinSizeRel|x64
		{BBDCC3EC-3CEA-311B-B634-C8AEF6283275}.RelWithDebInfo|x64.ActiveCfg = RelWithDebInfo|x64
		{BBDCC3EC-3CEA-311B-B634-C8AEF6283275}.RelWithDebInfo|x64.Build.0 = RelWithDebInfo|x64
		{8A39975F-63F9-3F8A-9B61-AB031126EE46}.Debug|x64.ActiveCfg = Debug|x64
		{8A39975F-63F9-3F8A-9B61-AB031126EE46}.Debug|x64.Build.0 = Debug|x64
		{8A39975F-63F9-3F8A-9B61-AB031126EE46}.Release|x64.ActiveCfg = Release|x64
		{8A39975F-63F9-3F8A-9B61-AB031126EE46}.Release|x64.Build.0 = Release|x64
		{8A39975F-63F9-3F8A-9B61-AB031126EE46}.MinSizeRel|x64.ActiveCfg = MinSizeRel|x64
		{8A39975F-63F9-3F8A-9B61-AB031126EE46}.MinSizeRel|x64.Build.0 = MinSizeRel|x64
		{8A39975F-63F9-3F8A-9B61-AB031126EE46}.RelWithDebInfo|x64.ActiveCfg = RelWithDebInfo|x64
		{8A39975F-63F9-3F8A-9B61-AB031126EE46}.RelWithDebInfo|x64.Build.0 = RelWithDebInfo|x64
		{B9E3D8D0-D7AE-37C5-BF13-85F0D4464CC6}.Debug|x64.ActiveCfg = Debug|x64
		{B9E3D8D0-D7AE-37C5-BF13-85F0D4464CC6}.Debug|x64.Build.0 = Debug|x64
		{B9E3D8D0-D7AE-37C5-BF13-85F0D4464CC6}.Release|x64.ActiveCfg = Release|x64
		{B9E3D8D0-D7AE-37C5-BF13-85F0D4464CC6}.Release|x64.Build.0 = Release|x64
		{B9E3D8D0-D7AE-37C5-BF13-85F0D4464CC6}.MinSizeRel|x64.ActiveCfg = MinSizeRel|x64
		{B9E3D8D0-D7AE-37C5-BF13-85F0D4464CC6}.MinSizeRel|x64.Build.0 = MinSizeRel|x64
		{B9E3D8D0-D7AE-37C5-BF13-85F0D4464CC6}.RelWithDebInfo|x64.ActiveCfg = RelWithDebInfo|x64
		{B9E3D8D0-D7AE-37C5-BF13-85F0D4464CC6}.RelWithDebInfo|x64.Build.0 = RelWithDebInfo|x64
		{092D9A14-F812-38EA-8D21-DE24260D1BF8}.Debug|x64.ActiveCfg = Debug|x64
		{092D9A14-F812-38EA-8D21-DE24260D1BF8}.Debug|x64.Build.0 = Debug|x64
		{092D9A14-F812-38EA-8D21-DE24260D1BF8}.Release|x64.ActiveCfg = Release|x64
		{092D9A14-F812-38EA-8D21-DE24260D1BF8}.Release|x64.Build.0 = Release|x64
		{092D9A14-F812-38EA-8D21-DE24260D1BF8}.MinSizeRel|x64.ActiveCfg = MinSizeRel|x64
		{092D9A14-F812-38EA-8D21-DE24260D1BF8}.MinSizeRel|x64.Build.0 = MinSizeRel|x64
		{092D9A14-F812-38EA-8D21-DE24260D1BF8}.RelWithDebInfo|x64.ActiveCfg = RelWithDebInfo|x64
		{092D9A14-F812-38EA-8D21-DE24260D1BF8}.RelWithDebInfo|x64.Build.0 = RelWithDebInfo|x64
		{87E14C6F-7BCE-3E7D-AFE6-8BCD9A7A829E}.Debug|x64.ActiveCfg = Debug|x64
		{87E14C6F-7BCE-3E7D-AFE6-8BCD9A7A829E}.Debug|x64.Build.0 = Debug|x64
		{87E14C6F-7BCE-3E7D-AFE6-8BCD9A7A829E}.Release|x64.ActiveCfg = Release|x64
		{87E14C6F-7BCE-3E7D-AFE6-8BCD9A7A829E}.Release|x64.Build.0 = Release|x64
		{87E14C6F-7BCE-3E7D-AFE6-8BCD9A7A829E}.MinSizeRel|x64.ActiveCfg = MinSizeRel|x64
		{87E14C6F-7BCE-3E7D-AFE6-8BCD9A7A829E}.MinSizeRel|x64.Build.0 = MinSizeRel|x64
		{87E14C6F-7BCE-3E7D-AFE6-8BCD9A7A829E}.RelWithDebInfo|x64.ActiveCfg = RelWithDebInfo|x64
		{87E14C6F-7BCE-3E7D-AFE6-8BCD9A7A829E}.RelWithDebInfo|x64.Build.0 = RelWithDebInfo|x64
		{3B666C52-55CA-348F-9E2F-B08CB7F75BE6}.Debug|x64.ActiveCfg = Debug|x64
		{3B666C52-55CA-348F-9E2F-B08CB7F75BE6}.Debug|x64.Build.0 = Debug|x64
		{3B666C52-55CA-348F-9E2F-B08CB7F75BE6}.Release|x64.ActiveCfg = Release|x64
		{3B666C52-55CA-348F-9E2F-B08CB7F75BE6}.Release|x64.Build.0 = Release|x64
		{3B666C52-55CA-348F-9E2F-B08CB7F75BE6}.MinSizeRel|x64.ActiveCfg = MinSizeRel|x64
		{3B666C52-55CA-348F-9E2F-B08CB7F75BE6}.MinSizeRel|x64.Build.0 = MinSizeRel|x64
		{3B666C52-55CA-348F-9E2F-B08CB7F75BE6}.RelWithDebInfo|x64.ActiveCfg = RelWithDebInfo|x64
		{3B666C52-55CA-348F-9E2F-B08CB7F75BE6}.RelWithDebInfo|x64.Build.0 = RelWithDebInfo|x64
		{86A16D91-51D1-3DFF-A275-AEB4A6FBD145}.Debug|x64.ActiveCfg = Debug|x64
		{86A16D91-51D1-3DFF-A275-AEB4A6FBD145}.Debug|x64.Build.0 = Debug|x64
		{86A16D91-51D1-3DFF-A275-AEB4A6FBD145}.Release|x64.ActiveCfg = Release|x64
		{86A16D91-51D1-3DFF-A275-AEB4A6FBD145}.Release|x64.Build.0 = Release|x64
		{86A16D91-51D1-3DFF-A275-AEB4A6FBD145}.MinSizeRel|x64.ActiveCfg = MinSizeRel|x64
		{86A16D91-51D1-3DFF-A275-AEB4A6FBD145}.MinSizeRel|x64.Build.0 = MinSizeRel|x64
		{86A16D91-51D1-3DFF-A275-AEB4A6FBD145}.RelWithDebInfo|x64.ActiveCfg = RelWithDebInfo|x64
		{86A16D91-51D1-3DFF-A275-AEB4A6FBD145}.RelWithDebInfo|x64.Build.0 = RelWithDebInfo|x64
		{E08B0998-1ADE-34AA-9229-7CEA083BD4E3}.Debug|x64.ActiveCfg = Debug|x64
		{E08B0998-1ADE-34AA-9229-7CEA083BD4E3}.Debug|x64.Build.0 = Debug|x64
		{E08B0998-1ADE-34AA-9229-7CEA083BD4E3}.Release|x64.ActiveCfg = Release|x64
		{E08B0998-1ADE-34AA-9229-7CEA083BD4E3}.Release|x64.Build.0 = Release|x64
		{E08B0998-1ADE-34AA-9229-7CEA083BD4E3}.MinSizeRel|x64.ActiveCfg = MinSizeRel|x64
		{E08B0998-1ADE-34AA-9229-7CEA083BD4E3}.MinSizeRel|x64.Build.0 = MinSizeRel|x64
		{E08B0998-1ADE-34AA-9229-7CEA083BD4E3}.RelWithDebInfo|x64.ActiveCfg = RelWithDebInfo|x64
		{E08B0998-1ADE-34AA-9229-7CEA083BD4E3}.RelWithDebInfo|x64.Build.0 = RelWithDebInfo|x64
		{1E2BC47E-0FEA-3ADF-8D74-6FD7598BA44D}.Debug|x64.ActiveCfg = Debug|x64
		{1E2BC47E-0FEA-3ADF-8D74-6FD7598BA44D}.Debug|x64.Build.0 = Debug|x64
		{1E2BC47E-0FEA-3ADF-8D74-6FD7598BA44D}.Release|x64.ActiveCfg = Release|x64
		{1E2BC47E-0FEA-3ADF-8D74-6FD7598BA44D}.Release|x64.Build.0 = Release|x64
		{1E2BC47E-0FEA-3ADF-8D74-6FD7598BA44D}.MinSizeRel|x64.ActiveCfg = MinSizeRel|x64
		{1E2BC47E-0FEA-3ADF-8D74-6FD7598BA44D}.MinSizeRel|x64.Build.0 = MinSizeRel|x64
		{1E2BC47E-0FEA-3ADF-8D74-6FD7598BA44D}.RelWithDebInfo|x64.ActiveCfg = RelWithDebInfo|x64
		{1E2BC47E-0FEA-3ADF-8D74-6FD7598BA44D}.RelWithDebInfo|x64.Build.0 = RelWithDebInfo|x64
		{F32356B6-DB38-3C64-8874-F94B1FF7A86B}.Debug|x64.ActiveCfg = Debug|x64
		{F32356B6-DB38-3C64-8874-F94B1FF7A86B}.Debug|x64.Build.0 = Debug|x64
		{F32356B6-DB38-3C64-8874-F94B1FF7A86B}.Release|x64.ActiveCfg = Release|x64
		{F32356B6-DB38-3C64-8874-F94B1FF7A86B}.Release|x64.Build.0 = Release|x64
		{F32356B6-DB38-3C64-8874-F94B1FF7A86B}.MinSizeRel|x64.ActiveCfg = MinSizeRel|x64
		{F32356B6-DB38-3C64-8874-F94B1FF7A86B}.MinSizeRel|x64.Build.0 = MinSizeRel|x64
		{F32356B6-DB38-3C64-8874-F94B1FF7A86B}.RelWithDebInfo|x64.ActiveCfg = RelWithDebInfo|x64
		{F32356B6-DB38-3C64-8874-F94B1FF7A86B}.RelWithDebInfo|x64.Build.0 = RelWithDebInfo|x64
		{F5000E25-0A23-3C37-B82B-A65F058751D7}.Debug|x64.ActiveCfg = Debug|x64
		{F5000E25-0A23-3C37-B82B-A65F058751D7}.Debug|x64.Build.0 = Debug|x64
		{F5000E25-0A23-3C37-B82B-A65F058751D7}.Release|x64.ActiveCfg = Release|x64
		{F5000E25-0A23-3C37-B82B-A65F058751D7}.Release|x64.Build.0 = Release|x64
		{F5000E25-0A23-3C37-B82B-A65F058751D7}.MinSizeRel|x64.ActiveCfg = MinSizeRel|x64
		{F5000E25-0A23-3C37-B82B-A65F058751D7}.MinSizeRel|x64.Build.0 = MinSizeRel|x64
		{F5000E25-0A23-3C37-B82B-A65F058751D7}.RelWithDebInfo|x64.ActiveCfg = RelWithDebInfo|x64
		{F5000E25-0A23-3C37-B82B-A65F058751D7}.RelWithDebInfo|x64.Build.0 = RelWithDebInfo|x64
		{4A94194A-F310-380E-994F-3F35258A2F37}.Debug|x64.ActiveCfg = Debug|x64
		{4A94194A-F310-380E-994F-3F35258A2F37}.Debug|x64.Build.0 = Debug|x64
		{4A94194A-F310-380E-994F-3F35258A2F37}.Release|x64.ActiveCfg = Release|x64
		{4A94194A-F310-380E-994F-3F35258A2F37}.Release|x64.Build.0 = Release|x64
		{4A94194A-F310-380E-994F-3F35258A2F37}.MinSizeRel|x64.ActiveCfg = MinSizeRel|x64
		{4A94194A-F310-380E-994F-3F35258A2F37}.MinSizeRel|x64.Build.0 = MinSizeRel|x64
		{4A94194A-F310-380E-994F-3F35258A2F37}.RelWithDebInfo|x64.ActiveCfg = RelWithDebInfo|x64
		{4A94194A-F310-380E-994F-3F35258A2F37}.RelWithDebInfo|x64.Build.0 = RelWithDebInfo|x64
		{93ABADFA-9D9C-3539-AA5E-021F00FBA3DD}.Debug|x64.ActiveCfg = Debug|x64
		{93ABADFA-9D9C-3539-AA5E-021F00FBA3DD}.Debug|x64.Build.0 = Debug|x64
		{93ABADFA-9D9C-3539-AA5E-021F00FBA3DD}.Release|x64.ActiveCfg = Release|x64
		{93ABADFA-9D9C-3539-AA5E-021F00FBA3DD}.Release|x64.Build.0 = Release|x64
		{93ABADFA-9D9C-3539-AA5E-021F00FBA3DD}.MinSizeRel|x64.ActiveCfg = MinSizeRel|x64
		{93ABADFA-9D9C-3539-AA5E-021F00FBA3DD}.MinSizeRel|x64.Build.0 = MinSizeRel|x64
		{93ABADFA-9D9C-3539-AA5E-021F00FBA3DD}.RelWithDebInfo|x64.ActiveCfg = RelWithDebInfo|x64
		{93ABADFA-9D9C-3539-AA5E-021F00FBA3DD}.RelWithDebInfo|x64.Build.0 = RelWithDebInfo|x64
		{F2CE7EE6-099C-303B-9699-C7F32B18EBC4}.Debug|x64.ActiveCfg = Debug|x64
		{F2CE7EE6-099C-303B-9699-C7F32B18EBC4}.Debug|x64.Build.0 = Debug|x64
		{F2CE7EE6-099C-303B-9699-C7F32B18EBC4}.Release|x64.ActiveCfg = Release|x64
		{F2CE7EE6-099C-303B-9699-C7F32B18EBC4}.Release|x64.Build.0 = Release|x64
		{F2CE7EE6-099C-303B-9699-C7F32B18EBC4}.MinSizeRel|x64.ActiveCfg = MinSizeRel|x64
		{F2CE7EE6-099C-303B-9699-C7F32B18EBC4}.MinSizeRel|x64.Build.0 = MinSizeRel|x64
		{F2CE7EE6-099C-303B-9699-C7F32B18EBC4}.RelWithDebInfo|x64.ActiveCfg = RelWithDebInfo|x64
		{F2CE7EE6-099C-303B-9699-C7F32B18EBC4}.RelWithDebInfo|x64.Build.0 = RelWithDebInfo|x64
		{01DCFF94-B2ED-31A2-BD3F-D15C8E784DBC}.Debug|x64.ActiveCfg = Debug|x64
		{01DCFF94-B2ED-31A2-BD3F-D15C8E784DBC}.Debug|x64.Build.0 = Debug|x64
		{01DCFF94-B2ED-31A2-BD3F-D15C8E784DBC}.Release|x64.ActiveCfg = Release|x64
		{01DCFF94-B2ED-31A2-BD3F-D15C8E784DBC}.Release|x64.Build.0 = Release|x64
		{01DCFF94-B2ED-31A2-BD3F-D15C8E784DBC}.MinSizeRel|x64.ActiveCfg = MinSizeRel|x64
		{01DCFF94-B2ED-31A2-BD3F-D15C8E784DBC}.MinSizeRel|x64.Build.0 = MinSizeRel|x64
		{01DCFF94-B2ED-31A2-BD3F-D15C8E784DBC}.RelWithDebInfo|x64.ActiveCfg = RelWithDebInfo|x64
		{01DCFF94-B2ED-31A2-BD3F-D15C8E784DBC}.RelWithDebInfo|x64.Build.0 = RelWithDebInfo|x64
		{4E255824-6209-3A83-B6D6-0461D5E74D5F}.Debug|x64.ActiveCfg = Debug|x64
		{4E255824-6209-3A83-B6D6-0461D5E74D5F}.Debug|x64.Build.0 = Debug|x64
		{4E255824-6209-3A83-B6D6-0461D5E74D5F}.Release|x64.ActiveCfg = Release|x64
		{4E255824-6209-3A83-B6D6-0461D5E74D5F}.Release|x64.Build.0 = Release|x64
		{4E255824-6209-3A83-B6D6-0461D5E74D5F}.MinSizeRel|x64.ActiveCfg = MinSizeRel|x64
		{4E255824-6209-3A83-B6D6-0461D5E74D5F}.MinSizeRel|x64.Build.0 = MinSizeRel|x64
		{4E255824-6209-3A83-B6D6-0461D5E74D5F}.RelWithDebInfo|x64.ActiveCfg = RelWithDebInfo|x64
		{4E255824-6209-3A83-B6D6-0461D5E74D5F}.RelWithDebInfo|x64.Build.0 = RelWithDebInfo|x64
		{5CCFEBD0-C0D9-31BE-A188-A5B5FA917FC1}.Debug|x64.ActiveCfg = Debug|x64
		{5CCFEBD0-C0D9-31BE-A188-A5B5FA917FC1}.Debug|x64.Build.0 = Debug|x64
		{5CCFEBD0-C0D9-31BE-A188-A5B5FA917FC1}.Release|x64.ActiveCfg = Release|x64
		{5CCFEBD0-C0D9-31BE-A188-A5B5FA917FC1}.Release|x64.Build.0 = Release|x64
		{5CCFEBD0-C0D9-31BE-A188-A5B5FA917FC1}.MinSizeRel|x64.ActiveCfg = MinSizeRel|x64
		{5CCFEBD0-C0D9-31BE-A188-A5B5FA917FC1}.MinSizeRel|x64.Build.0 = MinSizeRel|x64
		{5CCFEBD0-C0D9-31BE-A188-A5B5FA917FC1}.RelWithDebInfo|x64.ActiveCfg = RelWithDebInfo|x64
		{5CCFEBD0-C0D9-31BE-A188-A5B5FA917FC1}.RelWithDebInfo|x64.Build.0 = RelWithDebInfo|x64
		{8CD71CA4-0D1A-351F-97E5-E4F353DBCA9C}.Debug|x64.ActiveCfg = Debug|x64
		{8CD71CA4-0D1A-351F-97E5-E4F353DBCA9C}.Debug|x64.Build.0 = Debug|x64
		{8CD71CA4-0D1A-351F-97E5-E4F353DBCA9C}.Release|x64.ActiveCfg = Release|x64
		{8CD71CA4-0D1A-351F-97E5-E4F353DBCA9C}.Release|x64.Build.0 = Release|x64
		{8CD71CA4-0D1A-351F-97E5-E4F353DBCA9C}.MinSizeRel|x64.ActiveCfg = MinSizeRel|x64
		{8CD71CA4-0D1A-351F-97E5-E4F353DBCA9C}.MinSizeRel|x64.Build.0 = MinSizeRel|x64
		{8CD71CA4-0D1A-351F-97E5-E4F353DBCA9C}.RelWithDebInfo|x64.ActiveCfg = RelWithDebInfo|x64
		{8CD71CA4-0D1A-351F-97E5-E4F353DBCA9C}.RelWithDebInfo|x64.Build.0 = RelWithDebInfo|x64
		{172B78D1-224F-334C-B392-A9F622E9A90C}.Debug|x64.ActiveCfg = Debug|x64
		{172B78D1-224F-334C-B392-A9F622E9A90C}.Debug|x64.Build.0 = Debug|x64
		{172B78D1-224F-334C-B392-A9F622E9A90C}.Release|x64.ActiveCfg = Release|x64
		{172B78D1-224F-334C-B392-A9F622E9A90C}.Release|x64.Build.0 = Release|x64
		{172B78D1-224F-334C-B392-A9F622E9A90C}.MinSizeRel|x64.ActiveCfg = MinSizeRel|x64
		{172B78D1-224F-334C-B392-A9F622E9A90C}.MinSizeRel|x64.Build.0 = MinSizeRel|x64
		{172B78D1-224F-334C-B392-A9F622E9A90C}.RelWithDebInfo|x64.ActiveCfg = RelWithDebInfo|x64
		{172B78D1-224F-334C-B392-A9F622E9A90C}.RelWithDebInfo|x64.Build.0 = RelWithDebInfo|x64
		{6970C2DC-3ED9-338C-9033-71ED1BAE3E3F}.Debug|x64.ActiveCfg = Debug|x64
		{6970C2DC-3ED9-338C-9033-71ED1BAE3E3F}.Debug|x64.Build.0 = Debug|x64
		{6970C2DC-3ED9-338C-9033-71ED1BAE3E3F}.Release|x64.ActiveCfg = Release|x64
		{6970C2DC-3ED9-338C-9033-71ED1BAE3E3F}.Release|x64.Build.0 = Release|x64
		{6970C2DC-3ED9-338C-9033-71ED1BAE3E3F}.MinSizeRel|x64.ActiveCfg = MinSizeRel|x64
		{6970C2DC-3ED9-338C-9033-71ED1BAE3E3F}.MinSizeRel|x64.Build.0 = MinSizeRel|x64
		{6970C2DC-3ED9-338C-9033-71ED1BAE3E3F}.RelWithDebInfo|x64.ActiveCfg = RelWithDebInfo|x64
		{6970C2DC-3ED9-338C-9033-71ED1BAE3E3F}.RelWithDebInfo|x64.Build.0 = RelWithDebInfo|x64
	EndGlobalSection
	GlobalSection(ExtensibilityGlobals) = postSolution
		SolutionGuid = {75253CBB-1E15-372F-A624-38DE56DFA443}
	EndGlobalSection
	GlobalSection(ExtensibilityAddIns) = postSolution
	EndGlobalSection
EndGlobal
